<?xml version="1.0" encoding="UTF-8"?>
<CONFIG>
  <ProjectOptions>
    <Version Value="12"/>
    <PathDelim Value="\"/>
    <General>
      <Flags>
        <MainUnitHasCreateFormStatements Value="False"/>
        <MainUnitHasTitleStatement Value="False"/>
        <MainUnitHasScaledStatement Value="False"/>
        <CompatibilityMode Value="True"/>
      </Flags>
      <SessionStorage Value="InProjectDir"/>
      <Title Value="Crossref"/>
      <UseAppBundle Value="False"/>
      <ResourceType Value="res"/>
    </General>
    <VersionInfo>
      <UseVersionInfo Value="True"/>
      <AutoIncrementBuild Value="True"/>
      <RevisionNr Value="6"/>
      <BuildNr Value="9"/>
      <Attributes pvaPreRelease="True"/>
      <StringTable Comments="Licensed under ver. 2 of the GPL" FileDescription="Cross Reference of Pascal Programs" InternalName="CrossRef" LegalCopyright="Copyright 2021 Paul Robinson" ProductVersion="0.0.1 Trv 16"/>
    </VersionInfo>
    <BuildModes Count="1">
      <Item1 Name="Default" Default="True"/>
    </BuildModes>
    <PublishOptions>
      <Version Value="2"/>
      <UseFileFilters Value="True"/>
    </PublishOptions>
    <RunParams>
      <FormatVersion Value="2"/>
    </RunParams>
    <Units Count="9">
      <Unit0>
        <Filename Value="Crossref.lpr"/>
        <IsPartOfProject Value="True"/>
      </Unit0>
      <Unit1>
        <Filename Value="scan.pas"/>
        <IsPartOfProject Value="True"/>
      </Unit1>
      <Unit2>
        <Filename Value="setup.pas"/>
        <IsPartOfProject Value="True"/>
      </Unit2>
      <Unit3>
        <Filename Value="crossref_main.pas"/>
        <IsPartOfProject Value="True"/>
        <UnitName Value="Crossref_Main"/>
      </Unit3>
      <Unit4>
        <Filename Value="readme.MD"/>
        <IsPartOfProject Value="True"/>
      </Unit4>
      <Unit5>
        <Filename Value="tables.pas"/>
        <IsPartOfProject Value="True"/>
        <UnitName Value="Tables"/>
      </Unit5>
      <Unit6>
        <Filename Value="command.pas"/>
        <IsPartOfProject Value="True"/>
        <UnitName Value="Command"/>
      </Unit6>
      <Unit7>
        <Filename Value="notice.pas"/>
        <IsPartOfProject Value="True"/>
        <UnitName Value="Notice"/>
      </Unit7>
      <Unit8>
        <Filename Value="..\unit_evaluator.pas"/>
        <IsPartOfProject Value="True"/>
        <UnitName Value="unit_Evaluator"/>
      </Unit8>
    </Units>
  </ProjectOptions>
  <CompilerOptions>
    <Version Value="11"/>
    <PathDelim Value="\"/>
    <Target>
      <Filename Value="crossref"/>
    </Target>
    <SearchPaths>
      <IncludeFiles Value="$(ProjOutDir)"/>
      <UnitOutputDirectory Value="lib\$(TargetCPU)-$(TargetOS)"/>
    </SearchPaths>
  </CompilerOptions>
  <Debugging>
    <Exceptions Count="3">
      <Item1>
        <Name Value="EAbort"/>
      </Item1>
      <Item2>
        <Name Value="ECodetoolError"/>
      </Item2>
      <Item3>
        <Name Value="EFOpenError"/>
      </Item3>
    </Exceptions>
  </Debugging>
</CONFIG>
